
Microsoft Visual Studio Solution File, Format Version 12.00
# Visual Studio Version 17
VisualStudioVersion = 17.1.32421.90
MinimumVisualStudioVersion = 10.0.40219.1
Project("{FAE04EC0-301F-11D3-BF4B-00C04F79EFBC}") = "Dictionary_WindowsFrom", "Dictionary_WindowsFrom\Dictionary_WindowsFrom.csproj", "{735050A4-8508-49C6-BCAB-A1C49CD82337}"
EndProject
Global
	GlobalSection(SolutionConfigurationPlatforms) = preSolution
		Debug|Any CPU = Debug|Any CPU
		Release|Any CPU = Release|Any CPU
	EndGlobalSection
	GlobalSection(ProjectConfigurationPlatforms) = postSolution
		{735050A4-8508-49C6-BCAB-A1C49CD82337}.Debug|Any CPU.ActiveCfg = Debug|Any CPU
		{735050A4-8508-49C6-BCAB-A1C49CD82337}.Debug|Any CPU.Build.0 = Debug|Any CPU
		{735050A4-8508-49C6-BCAB-A1C49CD82337}.Release|Any CPU.ActiveCfg = Release|Any CPU
		{735050A4-8508-49C6-BCAB-A1C49CD82337}.Release|Any CPU.Build.0 = Release|Any CPU
	EndGlobalSection
	GlobalSection(SolutionProperties) = preSolution
		HideSolutionNode = FALSE
	EndGlobalSection
	GlobalSection(ExtensibilityGlobals) = postSolution
		SolutionGuid = {652217CF-678C-4721-9933-9B05D020D515}
	EndGlobalSection
EndGlobal
